
Microsoft Visual Studio Solution File, Format Version 12.00
# Visual Studio Version 16
VisualStudioVersion = 16.0.29306.81
MinimumVisualStudioVersion = 10.0.40219.1
Project("{FAE04EC0-301F-11D3-BF4B-00C04F79EFBC}") = "AdminVivienda", "AdminVivienda\AdminVivienda.csproj", "{F1488C34-87CA-4549-8335-7355DA92CF67}"
EndProject
Global
	GlobalSection(SolutionConfigurationPlatforms) = preSolution
		Debug|Any CPU = Debug|Any CPU
		Release|Any CPU = Release|Any CPU
	EndGlobalSection
	GlobalSection(ProjectConfigurationPlatforms) = postSolution
		{F1488C34-87CA-4549-8335-7355DA92CF67}.Debug|Any CPU.ActiveCfg = Debug|Any CPU
		{F1488C34-87CA-4549-8335-7355DA92CF67}.Debug|Any CPU.Build.0 = Debug|Any CPU
		{F1488C34-87CA-4549-8335-7355DA92CF67}.Release|Any CPU.ActiveCfg = Release|Any CPU
		{F1488C34-87CA-4549-8335-7355DA92CF67}.Release|Any CPU.Build.0 = Release|Any CPU
	EndGlobalSection
	GlobalSection(SolutionProperties) = preSolution
		HideSolutionNode = FALSE
	EndGlobalSection
	GlobalSection(ExtensibilityGlobals) = postSolution
		SolutionGuid = {E0EA5D57-D548-42AF-9A9B-0BCAC4431511}
	EndGlobalSection
EndGlobal
